// !$*UTF8*$!
{
	archiveVersion = 1;
	classes = {
	};
	objectVersion = 55;
	objects = {

/* Begin PBXBuildFile section */
		DE68C77F289CEB2A004167CE /* AppDelegate.swift in Sources */ = {isa = PBXBuildFile; fileRef = DE68C77E289CEB2A004167CE /* AppDelegate.swift */; };
		DE68C781289CEB2A004167CE /* SceneDelegate.swift in Sources */ = {isa = PBXBuildFile; fileRef = DE68C780289CEB2A004167CE /* SceneDelegate.swift */; };
		DE68C783289CEB2A004167CE /* ViewController.swift in Sources */ = {isa = PBXBuildFile; fileRef = DE68C782289CEB2A004167CE /* ViewController.swift */; };
		DE68C786289CEB2A004167CE /* Main.storyboard in Resources */ = {isa = PBXBuildFile; fileRef = DE68C784289CEB2A004167CE /* Main.storyboard */; };
		DE68C788289CEB2E004167CE /* Assets.xcassets in Resources */ = {isa = PBXBuildFile; fileRef = DE68C787289CEB2E004167CE /* Assets.xcassets */; };
		DE68C78B289CEB2E004167CE /* LaunchScreen.storyboard in Resources */ = {isa = PBXBuildFile; fileRef = DE68C789289CEB2E004167CE /* LaunchScreen.storyboard */; };
		DE68C793289CEBE1004167CE /* GoogleService-Info.plist in Resources */ = {isa = PBXBuildFile; fileRef = DE68C792289CEBE1004167CE /* GoogleService-Info.plist */; };
		DEADFB81289CFD720023E7ED /* UIViewController+Extension.swift in Sources */ = {isa = PBXBuildFile; fileRef = DEADFB80289CFD720023E7ED /* UIViewController+Extension.swift */; };
		DEADFB84289D29500023E7ED /* Signup.storyboard in Resources */ = {isa = PBXBuildFile; fileRef = DEADFB83289D29500023E7ED /* Signup.storyboard */; };
		DEADFB86289D2A2E0023E7ED /* ModeSelection.swift in Sources */ = {isa = PBXBuildFile; fileRef = DEADFB85289D2A2E0023E7ED /* ModeSelection.swift */; };
		DEADFB88289D2A420023E7ED /* Constants.swift in Sources */ = {isa = PBXBuildFile; fileRef = DEADFB87289D2A420023E7ED /* Constants.swift */; };
		DEADFB8B289D2B590023E7ED /* MainViewController.swift in Sources */ = {isa = PBXBuildFile; fileRef = DEADFB8A289D2B590023E7ED /* MainViewController.swift */; };
		DEADFB8E289D34AB0023E7ED /* FirebaseManager.swift in Sources */ = {isa = PBXBuildFile; fileRef = DEADFB8D289D34AB0023E7ED /* FirebaseManager.swift */; };
		EFCF1DC7648FDC23DF798CC0 /* Pods_Firebase_Template_iOS.framework in Frameworks */ = {isa = PBXBuildFile; fileRef = 8CFEF7BBA9A4664A67A8F512 /* Pods_Firebase_Template_iOS.framework */; };
/* End PBXBuildFile section */

/* Begin PBXFileReference section */
		5A43D2D03C35F59168D9A215 /* Pods-Firebase_Template_iOS.debug.xcconfig */ = {isa = PBXFileReference; includeInIndex = 1; lastKnownFileType = text.xcconfig; name = "Pods-Firebase_Template_iOS.debug.xcconfig"; path = "Target Support Files/Pods-Firebase_Template_iOS/Pods-Firebase_Template_iOS.debug.xcconfig"; sourceTree = "<group>"; };
		8CFEF7BBA9A4664A67A8F512 /* Pods_Firebase_Template_iOS.framework */ = {isa = PBXFileReference; explicitFileType = wrapper.framework; includeInIndex = 0; path = Pods_Firebase_Template_iOS.framework; sourceTree = BUILT_PRODUCTS_DIR; };
		AF8327E17B6E00625D17824C /* Pods-Firebase_Template_iOS.release.xcconfig */ = {isa = PBXFileReference; includeInIndex = 1; lastKnownFileType = text.xcconfig; name = "Pods-Firebase_Template_iOS.release.xcconfig"; path = "Target Support Files/Pods-Firebase_Template_iOS/Pods-Firebase_Template_iOS.release.xcconfig"; sourceTree = "<group>"; };
		DE68C77B289CEB2A004167CE /* Firebase_Template_iOS.app */ = {isa = PBXFileReference; explicitFileType = wrapper.application; includeInIndex = 0; path = Firebase_Template_iOS.app; sourceTree = BUILT_PRODUCTS_DIR; };
		DE68C77E289CEB2A004167CE /* AppDelegate.swift */ = {isa = PBXFileReference; lastKnownFileType = sourcecode.swift; path = AppDelegate.swift; sourceTree = "<group>"; };
		DE68C780289CEB2A004167CE /* SceneDelegate.swift */ = {isa = PBXFileReference; lastKnownFileType = sourcecode.swift; path = SceneDelegate.swift; sourceTree = "<group>"; };
		DE68C782289CEB2A004167CE /* ViewController.swift */ = {isa = PBXFileReference; lastKnownFileType = sourcecode.swift; path = ViewController.swift; sourceTree = "<group>"; };
		DE68C785289CEB2A004167CE /* Base */ = {isa = PBXFileReference; lastKnownFileType = file.storyboard; name = Base; path = Base.lproj/Main.storyboard; sourceTree = "<group>"; };
		DE68C787289CEB2E004167CE /* Assets.xcassets */ = {isa = PBXFileReference; lastKnownFileType = folder.assetcatalog; path = Assets.xcassets; sourceTree = "<group>"; };
		DE68C78A289CEB2E004167CE /* Base */ = {isa = PBXFileReference; lastKnownFileType = file.storyboard; name = Base; path = Base.lproj/LaunchScreen.storyboard; sourceTree = "<group>"; };
		DE68C78C289CEB2E004167CE /* Info.plist */ = {isa = PBXFileReference; lastKnownFileType = text.plist.xml; path = Info.plist; sourceTree = "<group>"; };
		DE68C792289CEBE1004167CE /* GoogleService-Info.plist */ = {isa = PBXFileReference; fileEncoding = 4; lastKnownFileType = text.plist.xml; path = "GoogleService-Info.plist"; sourceTree = "<group>"; };
		DEADFB80289CFD720023E7ED /* UIViewController+Extension.swift */ = {isa = PBXFileReference; lastKnownFileType = sourcecode.swift; path = "UIViewController+Extension.swift"; sourceTree = "<group>"; };
		DEADFB83289D29500023E7ED /* Signup.storyboard */ = {isa = PBXFileReference; lastKnownFileType = file.storyboard; path = Signup.storyboard; sourceTree = "<group>"; };
		DEADFB85289D2A2E0023E7ED /* ModeSelection.swift */ = {isa = PBXFileReference; lastKnownFileType = sourcecode.swift; path = ModeSelection.swift; sourceTree = "<group>"; };
		DEADFB87289D2A420023E7ED /* Constants.swift */ = {isa = PBXFileReference; lastKnownFileType = sourcecode.swift; path = Constants.swift; sourceTree = "<group>"; };
		DEADFB8A289D2B590023E7ED /* MainViewController.swift */ = {isa = PBXFileReference; lastKnownFileType = sourcecode.swift; path = MainViewController.swift; sourceTree = "<group>"; };
		DEADFB8D289D34AB0023E7ED /* FirebaseManager.swift */ = {isa = PBXFileReference; lastKnownFileType = sourcecode.swift; path = FirebaseManager.swift; sourceTree = "<group>"; };
/* End PBXFileReference section */

/* Begin PBXFrameworksBuildPhase section */
		DE68C778289CEB2A004167CE /* Frameworks */ = {
			isa = PBXFrameworksBuildPhase;
			buildActionMask = 2147483647;
			files = (
				EFCF1DC7648FDC23DF798CC0 /* Pods_Firebase_Template_iOS.framework in Frameworks */,
			);
			runOnlyForDeploymentPostprocessing = 0;
		};
/* End PBXFrameworksBuildPhase section */

/* Begin PBXGroup section */
		BBF5389BB62A14FA0C332395 /* Frameworks */ = {
			isa = PBXGroup;
			children = (
				8CFEF7BBA9A4664A67A8F512 /* Pods_Firebase_Template_iOS.framework */,
			);
			name = Frameworks;
			sourceTree = "<group>";
		};
		DE68C772289CEB2A004167CE = {
			isa = PBXGroup;
			children = (
				DE68C77D289CEB2A004167CE /* Firebase_Template_iOS */,
				DE68C77C289CEB2A004167CE /* Products */,
				E066FA107699D39D677FE33E /* Pods */,
				BBF5389BB62A14FA0C332395 /* Frameworks */,
			);
			sourceTree = "<group>";
		};
		DE68C77C289CEB2A004167CE /* Products */ = {
			isa = PBXGroup;
			children = (
				DE68C77B289CEB2A004167CE /* Firebase_Template_iOS.app */,
			);
			name = Products;
			sourceTree = "<group>";
		};
		DE68C77D289CEB2A004167CE /* Firebase_Template_iOS */ = {
			isa = PBXGroup;
			children = (
				DEADFB8C289D34990023E7ED /* Managers */,
				DEADFB89289D2B3F0023E7ED /* Controllers */,
				DEADFB82289D29410023E7ED /* Storyboards */,
				DEADFB7E289CFD570023E7ED /* Extensions */,
				DE68C792289CEBE1004167CE /* GoogleService-Info.plist */,
				DE68C77E289CEB2A004167CE /* AppDelegate.swift */,
				DE68C780289CEB2A004167CE /* SceneDelegate.swift */,
				DE68C787289CEB2E004167CE /* Assets.xcassets */,
				DE68C789289CEB2E004167CE /* LaunchScreen.storyboard */,
				DE68C78C289CEB2E004167CE /* Info.plist */,
				DEADFB85289D2A2E0023E7ED /* ModeSelection.swift */,
				DEADFB87289D2A420023E7ED /* Constants.swift */,
			);
			path = Firebase_Template_iOS;
			sourceTree = "<group>";
		};
		DEADFB7E289CFD570023E7ED /* Extensions */ = {
			isa = PBXGroup;
			children = (
				DEADFB80289CFD720023E7ED /* UIViewController+Extension.swift */,
			);
			path = Extensions;
			sourceTree = "<group>";
		};
		DEADFB82289D29410023E7ED /* Storyboards */ = {
			isa = PBXGroup;
			children = (
				DEADFB83289D29500023E7ED /* Signup.storyboard */,
				DE68C784289CEB2A004167CE /* Main.storyboard */,
			);
			path = Storyboards;
			sourceTree = "<group>";
		};
		DEADFB89289D2B3F0023E7ED /* Controllers */ = {
			isa = PBXGroup;
			children = (
				DE68C782289CEB2A004167CE /* ViewController.swift */,
				DEADFB8A289D2B590023E7ED /* MainViewController.swift */,
			);
			path = Controllers;
			sourceTree = "<group>";
		};
		DEADFB8C289D34990023E7ED /* Managers */ = {
			isa = PBXGroup;
			children = (
				DEADFB8D289D34AB0023E7ED /* FirebaseManager.swift */,
			);
			path = Managers;
			sourceTree = "<group>";
		};
		E066FA107699D39D677FE33E /* Pods */ = {
			isa = PBXGroup;
			children = (
				5A43D2D03C35F59168D9A215 /* Pods-Firebase_Template_iOS.debug.xcconfig */,
				AF8327E17B6E00625D17824C /* Pods-Firebase_Template_iOS.release.xcconfig */,
			);
			path = Pods;
			sourceTree = "<group>";
		};
/* End PBXGroup section */

/* Begin PBXNativeTarget section */
		DE68C77A289CEB2A004167CE /* Firebase_Template_iOS */ = {
			isa = PBXNativeTarget;
			buildConfigurationList = DE68C78F289CEB2E004167CE /* Build configuration list for PBXNativeTarget "Firebase_Template_iOS" */;
			buildPhases = (
				ADAAE86069189C45B193F8B4 /* [CP] Check Pods Manifest.lock */,
				DE68C777289CEB2A004167CE /* Sources */,
				DE68C778289CEB2A004167CE /* Frameworks */,
				DE68C779289CEB2A004167CE /* Resources */,
				9E5F5274304E3982CC1D27D2 /* [CP] Embed Pods Frameworks */,
			);
			buildRules = (
			);
			dependencies = (
			);
			name = Firebase_Template_iOS;
			productName = Firebase_Template_iOS;
			productReference = DE68C77B289CEB2A004167CE /* Firebase_Template_iOS.app */;
			productType = "com.apple.product-type.application";
		};
/* End PBXNativeTarget section */

/* Begin PBXProject section */
		DE68C773289CEB2A004167CE /* Project object */ = {
			isa = PBXProject;
			attributes = {
				BuildIndependentTargetsInParallel = 1;
				LastSwiftUpdateCheck = 1340;
				LastUpgradeCheck = 1340;
				TargetAttributes = {
					DE68C77A289CEB2A004167CE = {
						CreatedOnToolsVersion = 13.4.1;
					};
				};
			};
			buildConfigurationList = DE68C776289CEB2A004167CE /* Build configuration list for PBXProject "Firebase_Template_iOS" */;
			compatibilityVersion = "Xcode 13.0";
			developmentRegion = en;
			hasScannedForEncodings = 0;
			knownRegions = (
				en,
				Base,
			);
			mainGroup = DE68C772289CEB2A004167CE;
			productRefGroup = DE68C77C289CEB2A004167CE /* Products */;
			projectDirPath = "";
			projectRoot = "";
			targets = (
				DE68C77A289CEB2A004167CE /* Firebase_Template_iOS */,
			);
		};
/* End PBXProject section */

/* Begin PBXResourcesBuildPhase section */
		DE68C779289CEB2A004167CE /* Resources */ = {
			isa = PBXResourcesBuildPhase;
			buildActionMask = 2147483647;
			files = (
				DE68C78B289CEB2E004167CE /* LaunchScreen.storyboard in Resources */,
				DE68C793289CEBE1004167CE /* GoogleService-Info.plist in Resources */,
				DE68C788289CEB2E004167CE /* Assets.xcassets in Resources */,
				DEADFB84289D29500023E7ED /* Signup.storyboard in Resources */,
				DE68C786289CEB2A004167CE /* Main.storyboard in Resources */,
			);
			runOnlyForDeploymentPostprocessing = 0;
		};
/* End PBXResourcesBuildPhase section */

/* Begin PBXShellScriptBuildPhase section */
		9E5F5274304E3982CC1D27D2 /* [CP] Embed Pods Frameworks */ = {
			isa = PBXShellScriptBuildPhase;
			buildActionMask = 2147483647;
			files = (
			);
			inputFileListPaths = (
				"${PODS_ROOT}/Target Support Files/Pods-Firebase_Template_iOS/Pods-Firebase_Template_iOS-frameworks-${CONFIGURATION}-input-files.xcfilelist",
			);
			name = "[CP] Embed Pods Frameworks";
			outputFileListPaths = (
				"${PODS_ROOT}/Target Support Files/Pods-Firebase_Template_iOS/Pods-Firebase_Template_iOS-frameworks-${CONFIGURATION}-output-files.xcfilelist",
			);
			runOnlyForDeploymentPostprocessing = 0;
			shellPath = /bin/sh;
			shellScript = "\"${PODS_ROOT}/Target Support Files/Pods-Firebase_Template_iOS/Pods-Firebase_Template_iOS-frameworks.sh\"\n";
			showEnvVarsInLog = 0;
		};
		ADAAE86069189C45B193F8B4 /* [CP] Check Pods Manifest.lock */ = {
			isa = PBXShellScriptBuildPhase;
			buildActionMask = 2147483647;
			files = (
			);
			inputFileListPaths = (
			);
			inputPaths = (
				"${PODS_PODFILE_DIR_PATH}/Podfile.lock",
				"${PODS_ROOT}/Manifest.lock",
			);
			name = "[CP] Check Pods Manifest.lock";
			outputFileListPaths = (
			);
			outputPaths = (
				"$(DERIVED_FILE_DIR)/Pods-Firebase_Template_iOS-checkManifestLockResult.txt",
			);
			runOnlyForDeploymentPostprocessing = 0;
			shellPath = /bin/sh;
			shellScript = "diff \"${PODS_PODFILE_DIR_PATH}/Podfile.lock\" \"${PODS_ROOT}/Manifest.lock\" > /dev/null\nif [ $? != 0 ] ; then\n    # print error to STDERR\n    echo \"error: The sandbox is not in sync with the Podfile.lock. Run 'pod install' or update your CocoaPods installation.\" >&2\n    exit 1\nfi\n# This output is used by Xcode 'outputs' to avoid re-running this script phase.\necho \"SUCCESS\" > \"${SCRIPT_OUTPUT_FILE_0}\"\n";
			showEnvVarsInLog = 0;
		};
/* End PBXShellScriptBuildPhase section */

/* Begin PBXSourcesBuildPhase section */
		DE68C777289CEB2A004167CE /* Sources */ = {
			isa = PBXSourcesBuildPhase;
			buildActionMask = 2147483647;
			files = (
				DEADFB8B289D2B590023E7ED /* MainViewController.swift in Sources */,
				DEADFB81289CFD720023E7ED /* UIViewController+Extension.swift in Sources */,
				DE68C783289CEB2A004167CE /* ViewController.swift in Sources */,
				DEADFB86289D2A2E0023E7ED /* ModeSelection.swift in Sources */,
				DEADFB8E289D34AB0023E7ED /* FirebaseManager.swift in Sources */,
				DE68C77F289CEB2A004167CE /* AppDelegate.swift in Sources */,
				DE68C781289CEB2A004167CE /* SceneDelegate.swift in Sources */,
				DEADFB88289D2A420023E7ED /* Constants.swift in Sources */,
			);
			runOnlyForDeploymentPostprocessing = 0;
		};
/* End PBXSourcesBuildPhase section */

/* Begin PBXVariantGroup section */
		DE68C784289CEB2A004167CE /* Main.storyboard */ = {
			isa = PBXVariantGroup;
			children = (
				DE68C785289CEB2A004167CE /* Base */,
			);
			name = Main.storyboard;
			sourceTree = "<group>";
		};
		DE68C789289CEB2E004167CE /* LaunchScreen.storyboard */ = {
			isa = PBXVariantGroup;
			children = (
				DE68C78A289CEB2E004167CE /* Base */,
			);
			name = LaunchScreen.storyboard;
			sourceTree = "<group>";
		};
/* End PBXVariantGroup section */

/* Begin XCBuildConfiguration section */
		DE68C78D289CEB2E004167CE /* Debug */ = {
			isa = XCBuildConfiguration;
			buildSettings = {
				ALWAYS_SEARCH_USER_PATHS = NO;
				CLANG_ANALYZER_NONNULL = YES;
				CLANG_ANALYZER_NUMBER_OBJECT_CONVERSION = YES_AGGRESSIVE;
				CLANG_CXX_LANGUAGE_STANDARD = "gnu++17";
				CLANG_ENABLE_MODULES = YES;
				CLANG_ENABLE_OBJC_ARC = YES;
				CLANG_ENABLE_OBJC_WEAK = YES;
				CLANG_WARN_BLOCK_CAPTURE_AUTORELEASING = YES;
				CLANG_WARN_BOOL_CONVERSION = YES;
				CLANG_WARN_COMMA = YES;
				CLANG_WARN_CONSTANT_CONVERSION = YES;
				CLANG_WARN_DEPRECATED_OBJC_IMPLEMENTATIONS = YES;
				CLANG_WARN_DIRECT_OBJC_ISA_USAGE = YES_ERROR;
				CLANG_WARN_DOCUMENTATION_COMMENTS = YES;
				CLANG_WARN_EMPTY_BODY = YES;
				CLANG_WARN_ENUM_CONVERSION = YES;
				CLANG_WARN_INFINITE_RECURSION = YES;
				CLANG_WARN_INT_CONVERSION = YES;
				CLANG_WARN_NON_LITERAL_NULL_CONVERSION = YES;
				CLANG_WARN_OBJC_IMPLICIT_RETAIN_SELF = YES;
				CLANG_WARN_OBJC_LITERAL_CONVERSION = YES;
				CLANG_WARN_OBJC_ROOT_CLASS = YES_ERROR;
				CLANG_WARN_QUOTED_INCLUDE_IN_FRAMEWORK_HEADER = YES;
				CLANG_WARN_RANGE_LOOP_ANALYSIS = YES;
				CLANG_WARN_STRICT_PROTOTYPES = YES;
				CLANG_WARN_SUSPICIOUS_MOVE = YES;
				CLANG_WARN_UNGUARDED_AVAILABILITY = YES_AGGRESSIVE;
				CLANG_WARN_UNREACHABLE_CODE = YES;
				CLANG_WARN__DUPLICATE_METHOD_MATCH = YES;
				COPY_PHASE_STRIP = NO;
				DEBUG_INFORMATION_FORMAT = dwarf;
				ENABLE_STRICT_OBJC_MSGSEND = YES;
				ENABLE_TESTABILITY = YES;
				GCC_C_LANGUAGE_STANDARD = gnu11;
				GCC_DYNAMIC_NO_PIC = NO;
				GCC_NO_COMMON_BLOCKS = YES;
				GCC_OPTIMIZATION_LEVEL = 0;
				GCC_PREPROCESSOR_DEFINITIONS = (
					"DEBUG=1",
					"$(inherited)",
				);
				GCC_WARN_64_TO_32_BIT_CONVERSION = YES;
				GCC_WARN_ABOUT_RETURN_TYPE = YES_ERROR;
				GCC_WARN_UNDECLARED_SELECTOR = YES;
				GCC_WARN_UNINITIALIZED_AUTOS = YES_AGGRESSIVE;
				GCC_WARN_UNUSED_FUNCTION = YES;
				GCC_WARN_UNUSED_VARIABLE = YES;
				IPHONEOS_DEPLOYMENT_TARGET = 15.5;
				MTL_ENABLE_DEBUG_INFO = INCLUDE_SOURCE;
				MTL_FAST_MATH = YES;
				ONLY_ACTIVE_ARCH = YES;
				SDKROOT = iphoneos;
				SWIFT_ACTIVE_COMPILATION_CONDITIONS = DEBUG;
				SWIFT_OPTIMIZATION_LEVEL = "-Onone";
			};
			name = Debug;
		};
		DE68C78E289CEB2E004167CE /* Release */ = {
			isa = XCBuildConfiguration;
			buildSettings = {
				ALWAYS_SEARCH_USER_PATHS = NO;
				CLANG_ANALYZER_NONNULL = YES;
				CLANG_ANALYZER_NUMBER_OBJECT_CONVERSION = YES_AGGRESSIVE;
				CLANG_CXX_LANGUAGE_STANDARD = "gnu++17";
				CLANG_ENABLE_MODULES = YES;
				CLANG_ENABLE_OBJC_ARC = YES;
				CLANG_ENABLE_OBJC_WEAK = YES;
				CLANG_WARN_BLOCK_CAPTURE_AUTORELEASING = YES;
				CLANG_WARN_BOOL_CONVERSION = YES;
				CLANG_WARN_COMMA = YES;
				CLANG_WARN_CONSTANT_CONVERSION = YES;
				CLANG_WARN_DEPRECATED_OBJC_IMPLEMENTATIONS = YES;
				CLANG_WARN_DIRECT_OBJC_ISA_USAGE = YES_ERROR;
				CLANG_WARN_DOCUMENTATION_COMMENTS = YES;
				CLANG_WARN_EMPTY_BODY = YES;
				CLANG_WARN_ENUM_CONVERSION = YES;
				CLANG_WARN_INFINITE_RECURSION = YES;
				CLANG_WARN_INT_CONVERSION = YES;
				CLANG_WARN_NON_LITERAL_NULL_CONVERSION = YES;
				CLANG_WARN_OBJC_IMPLICIT_RETAIN_SELF = YES;
				CLANG_WARN_OBJC_LITERAL_CONVERSION = YES;
				CLANG_WARN_OBJC_ROOT_CLASS = YES_ERROR;
				CLANG_WARN_QUOTED_INCLUDE_IN_FRAMEWORK_HEADER = YES;
				CLANG_WARN_RANGE_LOOP_ANALYSIS = YES;
				CLANG_WARN_STRICT_PROTOTYPES = YES;
				CLANG_WARN_SUSPICIOUS_MOVE = YES;
				CLANG_WARN_UNGUARDED_AVAILABILITY = YES_AGGRESSIVE;
				CLANG_WARN_UNREACHABLE_CODE = YES;
				CLANG_WARN__DUPLICATE_METHOD_MATCH = YES;
				COPY_PHASE_STRIP = NO;
				DEBUG_INFORMATION_FORMAT = "dwarf-with-dsym";
				ENABLE_NS_ASSERTIONS = NO;
				ENABLE_STRICT_OBJC_MSGSEND = YES;
				GCC_C_LANGUAGE_STANDARD = gnu11;
				GCC_NO_COMMON_BLOCKS = YES;
				GCC_WARN_64_TO_32_BIT_CONVERSION = YES;
				GCC_WARN_ABOUT_RETURN_TYPE = YES_ERROR;
				GCC_WARN_UNDECLARED_SELECTOR = YES;
				GCC_WARN_UNINITIALIZED_AUTOS = YES_AGGRESSIVE;
				GCC_WARN_UNUSED_FUNCTION = YES;
				GCC_WARN_UNUSED_VARIABLE = YES;
				IPHONEOS_DEPLOYMENT_TARGET = 15.5;
				MTL_ENABLE_DEBUG_INFO = NO;
				MTL_FAST_MATH = YES;
				SDKROOT = iphoneos;
				SWIFT_COMPILATION_MODE = wholemodule;
				SWIFT_OPTIMIZATION_LEVEL = "-O";
				VALIDATE_PRODUCT = YES;
			};
			name = Release;
		};
		DE68C790289CEB2E004167CE /* Debug */ = {
			isa = XCBuildConfiguration;
			baseConfigurationReference = 5A43D2D03C35F59168D9A215 /* Pods-Firebase_Template_iOS.debug.xcconfig */;
			buildSettings = {
				ASSETCATALOG_COMPILER_APPICON_NAME = AppIcon;
				ASSETCATALOG_COMPILER_GLOBAL_ACCENT_COLOR_NAME = AccentColor;
				CODE_SIGN_STYLE = Automatic;
				CURRENT_PROJECT_VERSION = 1;
				DEVELOPMENT_TEAM = QFRSV3LUHQ;
				GENERATE_INFOPLIST_FILE = YES;
				INFOPLIST_FILE = Firebase_Template_iOS/Info.plist;
				INFOPLIST_KEY_UIApplicationSupportsIndirectInputEvents = YES;
				INFOPLIST_KEY_UILaunchStoryboardName = LaunchScreen;
				INFOPLIST_KEY_UIMainStoryboardFile = Main;
				INFOPLIST_KEY_UISupportedInterfaceOrientations_iPad = "UIInterfaceOrientationPortrait UIInterfaceOrientationPortraitUpsideDown UIInterfaceOrientationLandscapeLeft UIInterfaceOrientationLandscapeRight";
				INFOPLIST_KEY_UISupportedInterfaceOrientations_iPhone = "UIInterfaceOrientationPortrait UIInterfaceOrientationLandscapeLeft UIInterfaceOrientationLandscapeRight";
				LD_RUNPATH_SEARCH_PATHS = (
					"$(inherited)",
					"@executable_path/Frameworks",
				);
				MARKETING_VERSION = 1.0;
				PRODUCT_BUNDLE_IDENTIFIER = com.rolustech.firebaseapplication;
				PRODUCT_NAME = "$(TARGET_NAME)";
				SWIFT_EMIT_LOC_STRINGS = YES;
				SWIFT_VERSION = 5.0;
				TARGETED_DEVICE_FAMILY = "1,2";
			};
			name = Debug;
		};
		DE68C791289CEB2E004167CE /* Release */ = {
			isa = XCBuildConfiguration;
			baseConfigurationReference = AF8327E17B6E00625D17824C /* Pods-Firebase_Template_iOS.release.xcconfig */;
			buildSettings = {
				ASSETCATALOG_COMPILER_APPICON_NAME = AppIcon;
				ASSETCATALOG_COMPILER_GLOBAL_ACCENT_COLOR_NAME = AccentColor;
				CODE_SIGN_STYLE = Automatic;
				CURRENT_PROJECT_VERSION = 1;
				DEVELOPMENT_TEAM = QFRSV3LUHQ;
				GENERATE_INFOPLIST_FILE = YES;
				INFOPLIST_FILE = Firebase_Template_iOS/Info.plist;
				INFOPLIST_KEY_UIApplicationSupportsIndirectInputEvents = YES;
				INFOPLIST_KEY_UILaunchStoryboardName = LaunchScreen;
				INFOPLIST_KEY_UIMainStoryboardFile = Main;
				INFOPLIST_KEY_UISupportedInterfaceOrientations_iPad = "UIInterfaceOrientationPortrait UIInterfaceOrientationPortraitUpsideDown UIInterfaceOrientationLandscapeLeft UIInterfaceOrientationLandscapeRight";
				INFOPLIST_KEY_UISupportedInterfaceOrientations_iPhone = "UIInterfaceOrientationPortrait UIInterfaceOrientationLandscapeLeft UIInterfaceOrientationLandscapeRight";
				LD_RUNPATH_SEARCH_PATHS = (
					"$(inherited)",
					"@executable_path/Frameworks",
				);
				MARKETING_VERSION = 1.0;
				PRODUCT_BUNDLE_IDENTIFIER = com.rolustech.firebaseapplication;
				PRODUCT_NAME = "$(TARGET_NAME)";
				SWIFT_EMIT_LOC_STRINGS = YES;
				SWIFT_VERSION = 5.0;
				TARGETED_DEVICE_FAMILY = "1,2";
			};
			name = Release;
		};
/* End XCBuildConfiguration section */

/* Begin XCConfigurationList section */
		DE68C776289CEB2A004167CE /* Build configuration list for PBXProject "Firebase_Template_iOS" */ = {
			isa = XCConfigurationList;
			buildConfigurations = (
				DE68C78D289CEB2E004167CE /* Debug */,
				DE68C78E289CEB2E004167CE /* Release */,
			);
			defaultConfigurationIsVisible = 0;
			defaultConfigurationName = Release;
		};
		DE68C78F289CEB2E004167CE /* Build configuration list for PBXNativeTarget "Firebase_Template_iOS" */ = {
			isa = XCConfigurationList;
			buildConfigurations = (
				DE68C790289CEB2E004167CE /* Debug */,
				DE68C791289CEB2E004167CE /* Release */,
			);
			defaultConfigurationIsVisible = 0;
			defaultConfigurationName = Release;
		};
/* End XCConfigurationList section */
	};
	rootObject = DE68C773289CEB2A004167CE /* Project object */;
}
